
Microsoft Visual Studio Solution File, Format Version 12.00
# Visual Studio Version 17
VisualStudioVersion = 17.11.35312.102
MinimumVisualStudioVersion = 10.0.40219.1
Project("{FAE04EC0-301F-11D3-BF4B-00C04F79EFBC}") = "Worksheet5.1.3", "Worksheet5.1.3\Worksheet5.1.3.csproj", "{9C5DC39F-1B85-4039-AC64-495F293E2077}"
EndProject
Global
	GlobalSection(SolutionConfigurationPlatforms) = preSolution
		Debug|Any CPU = Debug|Any CPU
		Release|Any CPU = Release|Any CPU
	EndGlobalSection
	GlobalSection(ProjectConfigurationPlatforms) = postSolution
		{9C5DC39F-1B85-4039-AC64-495F293E2077}.Debug|Any CPU.ActiveCfg = Debug|Any CPU
		{9C5DC39F-1B85-4039-AC64-495F293E2077}.Debug|Any CPU.Build.0 = Debug|Any CPU
		{9C5DC39F-1B85-4039-AC64-495F293E2077}.Release|Any CPU.ActiveCfg = Release|Any CPU
		{9C5DC39F-1B85-4039-AC64-495F293E2077}.Release|Any CPU.Build.0 = Release|Any CPU
	EndGlobalSection
	GlobalSection(SolutionProperties) = preSolution
		HideSolutionNode = FALSE
	EndGlobalSection
	GlobalSection(ExtensibilityGlobals) = postSolution
		SolutionGuid = {AF4EC69A-E630-46ED-9A9B-E634746B524E}
	EndGlobalSection
EndGlobal
